
Microsoft Visual Studio Solution File, Format Version 12.00
# Visual Studio Version 17
VisualStudioVersion = 17.8.34316.72
MinimumVisualStudioVersion = 10.0.40219.1
Project("{9A19103F-16F7-4668-BE54-9A1E7A4F7556}") = "Domain", "Domain\Domain.csproj", "{B4D88145-5215-40BE-8D4A-4A3EA584D37E}"
EndProject
Project("{9A19103F-16F7-4668-BE54-9A1E7A4F7556}") = "Infrastructure", "Infrastructure\Infrastructure.csproj", "{B4632CC4-25AF-4437-893C-646F90024835}"
EndProject
Project("{9A19103F-16F7-4668-BE54-9A1E7A4F7556}") = "LibraryApplication", "Application\LibraryApplication.csproj", "{B7BE3F13-2429-42A7-9770-4865A42E59C4}"
EndProject
Project("{9A19103F-16F7-4668-BE54-9A1E7A4F7556}") = "Presentation", "Presentation\Presentation.csproj", "{50B50E8D-CB55-4BC4-A7CC-D80DA1888F18}"
EndProject
Global
	GlobalSection(SolutionConfigurationPlatforms) = preSolution
		Debug|Any CPU = Debug|Any CPU
		Release|Any CPU = Release|Any CPU
	EndGlobalSection
	GlobalSection(ProjectConfigurationPlatforms) = postSolution
		{B4D88145-5215-40BE-8D4A-4A3EA584D37E}.Debug|Any CPU.ActiveCfg = Debug|Any CPU
		{B4D88145-5215-40BE-8D4A-4A3EA584D37E}.Debug|Any CPU.Build.0 = Debug|Any CPU
		{B4D88145-5215-40BE-8D4A-4A3EA584D37E}.Release|Any CPU.ActiveCfg = Release|Any CPU
		{B4D88145-5215-40BE-8D4A-4A3EA584D37E}.Release|Any CPU.Build.0 = Release|Any CPU
		{B4632CC4-25AF-4437-893C-646F90024835}.Debug|Any CPU.ActiveCfg = Debug|Any CPU
		{B4632CC4-25AF-4437-893C-646F90024835}.Debug|Any CPU.Build.0 = Debug|Any CPU
		{B4632CC4-25AF-4437-893C-646F90024835}.Release|Any CPU.ActiveCfg = Release|Any CPU
		{B4632CC4-25AF-4437-893C-646F90024835}.Release|Any CPU.Build.0 = Release|Any CPU
		{B7BE3F13-2429-42A7-9770-4865A42E59C4}.Debug|Any CPU.ActiveCfg = Debug|Any CPU
		{B7BE3F13-2429-42A7-9770-4865A42E59C4}.Debug|Any CPU.Build.0 = Debug|Any CPU
		{B7BE3F13-2429-42A7-9770-4865A42E59C4}.Release|Any CPU.ActiveCfg = Release|Any CPU
		{B7BE3F13-2429-42A7-9770-4865A42E59C4}.Release|Any CPU.Build.0 = Release|Any CPU
		{50B50E8D-CB55-4BC4-A7CC-D80DA1888F18}.Debug|Any CPU.ActiveCfg = Debug|Any CPU
		{50B50E8D-CB55-4BC4-A7CC-D80DA1888F18}.Debug|Any CPU.Build.0 = Debug|Any CPU
		{50B50E8D-CB55-4BC4-A7CC-D80DA1888F18}.Release|Any CPU.ActiveCfg = Release|Any CPU
		{50B50E8D-CB55-4BC4-A7CC-D80DA1888F18}.Release|Any CPU.Build.0 = Release|Any CPU
	EndGlobalSection
	GlobalSection(SolutionProperties) = preSolution
		HideSolutionNode = FALSE
	EndGlobalSection
	GlobalSection(ExtensibilityGlobals) = postSolution
		SolutionGuid = {A0488F06-C91C-4B10-A015-73C72AE26D46}
	EndGlobalSection
EndGlobal
