
Microsoft Visual Studio Solution File, Format Version 12.00
# Visual Studio Version 17
VisualStudioVersion = 17.8.34316.72
MinimumVisualStudioVersion = 10.0.40219.1
Project("{FAE04EC0-301F-11D3-BF4B-00C04F79EFBC}") = "ClassLibrary_ModuleExample", "ClassLibrary_ModuleExample\ClassLibrary_ModuleExample.csproj", "{9C4CCB3F-653E-4B8D-8830-6F907C338831}"
EndProject
Project("{FAE04EC0-301F-11D3-BF4B-00C04F79EFBC}") = "ClassLibrary1", "ClassLibrary1\ClassLibrary1.csproj", "{B59015E4-A869-4F57-BBEA-F627F2B857E9}"
EndProject
Project("{FAE04EC0-301F-11D3-BF4B-00C04F79EFBC}") = "ConsoleUI", "ConsoleUI\ConsoleUI.csproj", "{977629AA-AEA6-4FF1-B6DC-60341595B9B0}"
EndProject
Global
	GlobalSection(SolutionConfigurationPlatforms) = preSolution
		Debug|Any CPU = Debug|Any CPU
		Release|Any CPU = Release|Any CPU
	EndGlobalSection
	GlobalSection(ProjectConfigurationPlatforms) = postSolution
		{9C4CCB3F-653E-4B8D-8830-6F907C338831}.Debug|Any CPU.ActiveCfg = Debug|Any CPU
		{9C4CCB3F-653E-4B8D-8830-6F907C338831}.Debug|Any CPU.Build.0 = Debug|Any CPU
		{9C4CCB3F-653E-4B8D-8830-6F907C338831}.Release|Any CPU.ActiveCfg = Release|Any CPU
		{9C4CCB3F-653E-4B8D-8830-6F907C338831}.Release|Any CPU.Build.0 = Release|Any CPU
		{B59015E4-A869-4F57-BBEA-F627F2B857E9}.Debug|Any CPU.ActiveCfg = Debug|Any CPU
		{B59015E4-A869-4F57-BBEA-F627F2B857E9}.Debug|Any CPU.Build.0 = Debug|Any CPU
		{B59015E4-A869-4F57-BBEA-F627F2B857E9}.Release|Any CPU.ActiveCfg = Release|Any CPU
		{B59015E4-A869-4F57-BBEA-F627F2B857E9}.Release|Any CPU.Build.0 = Release|Any CPU
		{977629AA-AEA6-4FF1-B6DC-60341595B9B0}.Debug|Any CPU.ActiveCfg = Debug|Any CPU
		{977629AA-AEA6-4FF1-B6DC-60341595B9B0}.Debug|Any CPU.Build.0 = Debug|Any CPU
		{977629AA-AEA6-4FF1-B6DC-60341595B9B0}.Release|Any CPU.ActiveCfg = Release|Any CPU
		{977629AA-AEA6-4FF1-B6DC-60341595B9B0}.Release|Any CPU.Build.0 = Release|Any CPU
	EndGlobalSection
	GlobalSection(SolutionProperties) = preSolution
		HideSolutionNode = FALSE
	EndGlobalSection
	GlobalSection(ExtensibilityGlobals) = postSolution
		SolutionGuid = {6B9AC672-781B-4EFC-B25F-C8E3BEB054FB}
	EndGlobalSection
EndGlobal
