
Microsoft Visual Studio Solution File, Format Version 12.00
# Visual Studio Version 17
VisualStudioVersion = 17.8.34316.72
MinimumVisualStudioVersion = 10.0.40219.1
Project("{FAE04EC0-301F-11D3-BF4B-00C04F79EFBC}") = "AsyncAwaitBasicProject", "AsyncAwaitBasicProject\AsyncAwaitBasicProject.csproj", "{7B1F4D37-7F20-4F70-8335-3196BBA82CA7}"
EndProject
Global
	GlobalSection(SolutionConfigurationPlatforms) = preSolution
		Debug|Any CPU = Debug|Any CPU
		Release|Any CPU = Release|Any CPU
	EndGlobalSection
	GlobalSection(ProjectConfigurationPlatforms) = postSolution
		{7B1F4D37-7F20-4F70-8335-3196BBA82CA7}.Debug|Any CPU.ActiveCfg = Debug|Any CPU
		{7B1F4D37-7F20-4F70-8335-3196BBA82CA7}.Debug|Any CPU.Build.0 = Debug|Any CPU
		{7B1F4D37-7F20-4F70-8335-3196BBA82CA7}.Release|Any CPU.ActiveCfg = Release|Any CPU
		{7B1F4D37-7F20-4F70-8335-3196BBA82CA7}.Release|Any CPU.Build.0 = Release|Any CPU
	EndGlobalSection
	GlobalSection(SolutionProperties) = preSolution
		HideSolutionNode = FALSE
	EndGlobalSection
	GlobalSection(ExtensibilityGlobals) = postSolution
		SolutionGuid = {030D54E3-9A8D-4EC0-BA07-F68358861827}
	EndGlobalSection
EndGlobal
