
Microsoft Visual Studio Solution File, Format Version 12.00
# Visual Studio Version 17
VisualStudioVersion = 17.9.34723.18
MinimumVisualStudioVersion = 10.0.40219.1
Project("{FAE04EC0-301F-11D3-BF4B-00C04F79EFBC}") = "WebApiActionMethodsPractice", "WebApiActionMethodsPractice\WebApiActionMethodsPractice.csproj", "{36559A67-8CF0-4AA5-AB1C-AB25FBE6AC63}"
EndProject
Global
	GlobalSection(SolutionConfigurationPlatforms) = preSolution
		Debug|Any CPU = Debug|Any CPU
		Release|Any CPU = Release|Any CPU
	EndGlobalSection
	GlobalSection(ProjectConfigurationPlatforms) = postSolution
		{36559A67-8CF0-4AA5-AB1C-AB25FBE6AC63}.Debug|Any CPU.ActiveCfg = Debug|Any CPU
		{36559A67-8CF0-4AA5-AB1C-AB25FBE6AC63}.Debug|Any CPU.Build.0 = Debug|Any CPU
		{36559A67-8CF0-4AA5-AB1C-AB25FBE6AC63}.Release|Any CPU.ActiveCfg = Release|Any CPU
		{36559A67-8CF0-4AA5-AB1C-AB25FBE6AC63}.Release|Any CPU.Build.0 = Release|Any CPU
	EndGlobalSection
	GlobalSection(SolutionProperties) = preSolution
		HideSolutionNode = FALSE
	EndGlobalSection
	GlobalSection(ExtensibilityGlobals) = postSolution
		SolutionGuid = {28728FBC-15EA-4C4D-842B-86B967149AC7}
	EndGlobalSection
EndGlobal
