
Microsoft Visual Studio Solution File, Format Version 12.00
# Visual Studio Version 17
VisualStudioVersion = 17.8.34316.72
MinimumVisualStudioVersion = 10.0.40219.1
Project("{9A19103F-16F7-4668-BE54-9A1E7A4F7556}") = "DataReader", "ADO.NET Introduction\DataReader.csproj", "{68BEC7BC-722C-47C2-9FB3-E22775A306AD}"
EndProject
Project("{9A19103F-16F7-4668-BE54-9A1E7A4F7556}") = "DataAdapterUsingDataTable", "DataAdapter\DataAdapterUsingDataTable.csproj", "{3A9A8277-CB3F-4D60-A4DA-0AD506854400}"
EndProject
Project("{9A19103F-16F7-4668-BE54-9A1E7A4F7556}") = "DataAdapterUsingDataSet", "DataAdapterUsingDataSet\DataAdapterUsingDataSet.csproj", "{1A409CE1-9104-4AAB-9E21-12DE0CCB9751}"
EndProject
Project("{9A19103F-16F7-4668-BE54-9A1E7A4F7556}") = "DataAdapterStoredProcedure", "DataAdapterStoredProcedure\DataAdapterStoredProcedure.csproj", "{A99EAD6C-BE12-4CFD-BBC0-10D4515AB7F2}"
EndProject
Project("{9A19103F-16F7-4668-BE54-9A1E7A4F7556}") = "DataSetWithDataTable", "DataSetWithDataTable\DataSetWithDataTable.csproj", "{15324085-C481-4C06-9266-02D94E59A037}"
EndProject
Project("{9A19103F-16F7-4668-BE54-9A1E7A4F7556}") = "StoredProcedureWithoutParameters", "StoredProcedureWithoutParameters\StoredProcedureWithoutParameters.csproj", "{AC6042CA-518F-4D92-8A45-ACAC8A58EE8A}"
EndProject
Project("{9A19103F-16F7-4668-BE54-9A1E7A4F7556}") = "StoredProcedureWithInputParameters", "StoredProcedureWithInputParameters\StoredProcedureWithInputParameters.csproj", "{2A9BAD88-6E60-4587-B816-13DB2E4335E9}"
EndProject
Project("{FAE04EC0-301F-11D3-BF4B-00C04F79EFBC}") = "DataSetUsingStoredProcedure", "DataSetUsingStoredProcedure\DataSetUsingStoredProcedure.csproj", "{46294E7A-A8B4-4D6B-B605-B841C17CF3DE}"
EndProject
Project("{FAE04EC0-301F-11D3-BF4B-00C04F79EFBC}") = "StoredProcedureUsingOutputParameters", "StoredProcedureUsingOutputParameters\StoredProcedureUsingOutputParameters.csproj", "{F49F8620-FF93-49C7-8D90-C098FAE274E9}"
EndProject
Global
	GlobalSection(SolutionConfigurationPlatforms) = preSolution
		Debug|Any CPU = Debug|Any CPU
		Release|Any CPU = Release|Any CPU
	EndGlobalSection
	GlobalSection(ProjectConfigurationPlatforms) = postSolution
		{68BEC7BC-722C-47C2-9FB3-E22775A306AD}.Debug|Any CPU.ActiveCfg = Debug|Any CPU
		{68BEC7BC-722C-47C2-9FB3-E22775A306AD}.Debug|Any CPU.Build.0 = Debug|Any CPU
		{68BEC7BC-722C-47C2-9FB3-E22775A306AD}.Release|Any CPU.ActiveCfg = Release|Any CPU
		{68BEC7BC-722C-47C2-9FB3-E22775A306AD}.Release|Any CPU.Build.0 = Release|Any CPU
		{3A9A8277-CB3F-4D60-A4DA-0AD506854400}.Debug|Any CPU.ActiveCfg = Debug|Any CPU
		{3A9A8277-CB3F-4D60-A4DA-0AD506854400}.Debug|Any CPU.Build.0 = Debug|Any CPU
		{3A9A8277-CB3F-4D60-A4DA-0AD506854400}.Release|Any CPU.ActiveCfg = Release|Any CPU
		{3A9A8277-CB3F-4D60-A4DA-0AD506854400}.Release|Any CPU.Build.0 = Release|Any CPU
		{1A409CE1-9104-4AAB-9E21-12DE0CCB9751}.Debug|Any CPU.ActiveCfg = Debug|Any CPU
		{1A409CE1-9104-4AAB-9E21-12DE0CCB9751}.Debug|Any CPU.Build.0 = Debug|Any CPU
		{1A409CE1-9104-4AAB-9E21-12DE0CCB9751}.Release|Any CPU.ActiveCfg = Release|Any CPU
		{1A409CE1-9104-4AAB-9E21-12DE0CCB9751}.Release|Any CPU.Build.0 = Release|Any CPU
		{A99EAD6C-BE12-4CFD-BBC0-10D4515AB7F2}.Debug|Any CPU.ActiveCfg = Debug|Any CPU
		{A99EAD6C-BE12-4CFD-BBC0-10D4515AB7F2}.Debug|Any CPU.Build.0 = Debug|Any CPU
		{A99EAD6C-BE12-4CFD-BBC0-10D4515AB7F2}.Release|Any CPU.ActiveCfg = Release|Any CPU
		{A99EAD6C-BE12-4CFD-BBC0-10D4515AB7F2}.Release|Any CPU.Build.0 = Release|Any CPU
		{15324085-C481-4C06-9266-02D94E59A037}.Debug|Any CPU.ActiveCfg = Debug|Any CPU
		{15324085-C481-4C06-9266-02D94E59A037}.Debug|Any CPU.Build.0 = Debug|Any CPU
		{15324085-C481-4C06-9266-02D94E59A037}.Release|Any CPU.ActiveCfg = Release|Any CPU
		{15324085-C481-4C06-9266-02D94E59A037}.Release|Any CPU.Build.0 = Release|Any CPU
		{AC6042CA-518F-4D92-8A45-ACAC8A58EE8A}.Debug|Any CPU.ActiveCfg = Debug|Any CPU
		{AC6042CA-518F-4D92-8A45-ACAC8A58EE8A}.Debug|Any CPU.Build.0 = Debug|Any CPU
		{AC6042CA-518F-4D92-8A45-ACAC8A58EE8A}.Release|Any CPU.ActiveCfg = Release|Any CPU
		{AC6042CA-518F-4D92-8A45-ACAC8A58EE8A}.Release|Any CPU.Build.0 = Release|Any CPU
		{2A9BAD88-6E60-4587-B816-13DB2E4335E9}.Debug|Any CPU.ActiveCfg = Debug|Any CPU
		{2A9BAD88-6E60-4587-B816-13DB2E4335E9}.Debug|Any CPU.Build.0 = Debug|Any CPU
		{2A9BAD88-6E60-4587-B816-13DB2E4335E9}.Release|Any CPU.ActiveCfg = Release|Any CPU
		{2A9BAD88-6E60-4587-B816-13DB2E4335E9}.Release|Any CPU.Build.0 = Release|Any CPU
		{46294E7A-A8B4-4D6B-B605-B841C17CF3DE}.Debug|Any CPU.ActiveCfg = Debug|Any CPU
		{46294E7A-A8B4-4D6B-B605-B841C17CF3DE}.Debug|Any CPU.Build.0 = Debug|Any CPU
		{46294E7A-A8B4-4D6B-B605-B841C17CF3DE}.Release|Any CPU.ActiveCfg = Release|Any CPU
		{46294E7A-A8B4-4D6B-B605-B841C17CF3DE}.Release|Any CPU.Build.0 = Release|Any CPU
		{F49F8620-FF93-49C7-8D90-C098FAE274E9}.Debug|Any CPU.ActiveCfg = Debug|Any CPU
		{F49F8620-FF93-49C7-8D90-C098FAE274E9}.Debug|Any CPU.Build.0 = Debug|Any CPU
		{F49F8620-FF93-49C7-8D90-C098FAE274E9}.Release|Any CPU.ActiveCfg = Release|Any CPU
		{F49F8620-FF93-49C7-8D90-C098FAE274E9}.Release|Any CPU.Build.0 = Release|Any CPU
	EndGlobalSection
	GlobalSection(SolutionProperties) = preSolution
		HideSolutionNode = FALSE
	EndGlobalSection
	GlobalSection(ExtensibilityGlobals) = postSolution
		SolutionGuid = {6F98ED7A-E01D-4783-B86F-EC6B54EDD1EE}
	EndGlobalSection
EndGlobal
