
Microsoft Visual Studio Solution File, Format Version 12.00
# Visual Studio Version 17
VisualStudioVersion = 17.9.34723.18
MinimumVisualStudioVersion = 10.0.40219.1
Project("{FAE04EC0-301F-11D3-BF4B-00C04F79EFBC}") = "Domain", "Domain\Domain.csproj", "{CC36B0DF-C058-4C62-9FCE-1E268A653292}"
EndProject
Project("{FAE04EC0-301F-11D3-BF4B-00C04F79EFBC}") = "Infrastructure", "Infrastructure\Infrastructure.csproj", "{2550D66F-9E1C-4DB0-98EE-DCFDF9FBC7A6}"
EndProject
Project("{FAE04EC0-301F-11D3-BF4B-00C04F79EFBC}") = "Application", "Application\Application.csproj", "{20400993-6460-4C6F-A19B-D624F320CB70}"
EndProject
Project("{FAE04EC0-301F-11D3-BF4B-00C04F79EFBC}") = "News.Api", "News.Api\News.Api.csproj", "{95E2DBBC-5074-4DBD-8C61-97AB71D47F74}"
EndProject
Global
	GlobalSection(SolutionConfigurationPlatforms) = preSolution
		Debug|Any CPU = Debug|Any CPU
		Release|Any CPU = Release|Any CPU
	EndGlobalSection
	GlobalSection(ProjectConfigurationPlatforms) = postSolution
		{CC36B0DF-C058-4C62-9FCE-1E268A653292}.Debug|Any CPU.ActiveCfg = Debug|Any CPU
		{CC36B0DF-C058-4C62-9FCE-1E268A653292}.Debug|Any CPU.Build.0 = Debug|Any CPU
		{CC36B0DF-C058-4C62-9FCE-1E268A653292}.Release|Any CPU.ActiveCfg = Release|Any CPU
		{CC36B0DF-C058-4C62-9FCE-1E268A653292}.Release|Any CPU.Build.0 = Release|Any CPU
		{2550D66F-9E1C-4DB0-98EE-DCFDF9FBC7A6}.Debug|Any CPU.ActiveCfg = Debug|Any CPU
		{2550D66F-9E1C-4DB0-98EE-DCFDF9FBC7A6}.Debug|Any CPU.Build.0 = Debug|Any CPU
		{2550D66F-9E1C-4DB0-98EE-DCFDF9FBC7A6}.Release|Any CPU.ActiveCfg = Release|Any CPU
		{2550D66F-9E1C-4DB0-98EE-DCFDF9FBC7A6}.Release|Any CPU.Build.0 = Release|Any CPU
		{20400993-6460-4C6F-A19B-D624F320CB70}.Debug|Any CPU.ActiveCfg = Debug|Any CPU
		{20400993-6460-4C6F-A19B-D624F320CB70}.Debug|Any CPU.Build.0 = Debug|Any CPU
		{20400993-6460-4C6F-A19B-D624F320CB70}.Release|Any CPU.ActiveCfg = Release|Any CPU
		{20400993-6460-4C6F-A19B-D624F320CB70}.Release|Any CPU.Build.0 = Release|Any CPU
		{95E2DBBC-5074-4DBD-8C61-97AB71D47F74}.Debug|Any CPU.ActiveCfg = Debug|Any CPU
		{95E2DBBC-5074-4DBD-8C61-97AB71D47F74}.Debug|Any CPU.Build.0 = Debug|Any CPU
		{95E2DBBC-5074-4DBD-8C61-97AB71D47F74}.Release|Any CPU.ActiveCfg = Release|Any CPU
		{95E2DBBC-5074-4DBD-8C61-97AB71D47F74}.Release|Any CPU.Build.0 = Release|Any CPU
	EndGlobalSection
	GlobalSection(SolutionProperties) = preSolution
		HideSolutionNode = FALSE
	EndGlobalSection
	GlobalSection(ExtensibilityGlobals) = postSolution
		SolutionGuid = {E7A1EE6C-27A9-46F5-9BC2-8199F89ADFA5}
	EndGlobalSection
EndGlobal
