
Microsoft Visual Studio Solution File, Format Version 12.00
# Visual Studio Version 17
VisualStudioVersion = 17.9.34723.18
MinimumVisualStudioVersion = 10.0.40219.1
Project("{9A19103F-16F7-4668-BE54-9A1E7A4F7556}") = "MyProject", "MyProject\MyProject.csproj", "{13A885CA-00BE-4686-B4D2-263DE5435A8A}"
EndProject
Project("{9A19103F-16F7-4668-BE54-9A1E7A4F7556}") = "MyProject.UnitTests", "MyProject.UnitTests\MyProject.UnitTests.csproj", "{5C42CE9E-36A3-40DC-AE70-C0D3AC9776D3}"
EndProject
Global
	GlobalSection(SolutionConfigurationPlatforms) = preSolution
		Debug|Any CPU = Debug|Any CPU
		Release|Any CPU = Release|Any CPU
	EndGlobalSection
	GlobalSection(ProjectConfigurationPlatforms) = postSolution
		{13A885CA-00BE-4686-B4D2-263DE5435A8A}.Debug|Any CPU.ActiveCfg = Debug|Any CPU
		{13A885CA-00BE-4686-B4D2-263DE5435A8A}.Debug|Any CPU.Build.0 = Debug|Any CPU
		{13A885CA-00BE-4686-B4D2-263DE5435A8A}.Release|Any CPU.ActiveCfg = Release|Any CPU
		{13A885CA-00BE-4686-B4D2-263DE5435A8A}.Release|Any CPU.Build.0 = Release|Any CPU
		{5C42CE9E-36A3-40DC-AE70-C0D3AC9776D3}.Debug|Any CPU.ActiveCfg = Debug|Any CPU
		{5C42CE9E-36A3-40DC-AE70-C0D3AC9776D3}.Debug|Any CPU.Build.0 = Debug|Any CPU
		{5C42CE9E-36A3-40DC-AE70-C0D3AC9776D3}.Release|Any CPU.ActiveCfg = Release|Any CPU
		{5C42CE9E-36A3-40DC-AE70-C0D3AC9776D3}.Release|Any CPU.Build.0 = Release|Any CPU
	EndGlobalSection
	GlobalSection(SolutionProperties) = preSolution
		HideSolutionNode = FALSE
	EndGlobalSection
	GlobalSection(ExtensibilityGlobals) = postSolution
		SolutionGuid = {C04591CF-09B5-4E6F-AB24-6ADCC74405CF}
	EndGlobalSection
EndGlobal
