
Microsoft Visual Studio Solution File, Format Version 12.00
# Visual Studio Version 17
VisualStudioVersion = 17.9.34723.18
MinimumVisualStudioVersion = 10.0.40219.1
Project("{9A19103F-16F7-4668-BE54-9A1E7A4F7556}") = "Domain", "Domain\Domain.csproj", "{82FE660E-8BDB-48FD-9E9A-F09A650E16E2}"
EndProject
Project("{9A19103F-16F7-4668-BE54-9A1E7A4F7556}") = "Infrastructure", "Infrastructure\Infrastructure.csproj", "{4D9AA10D-0B0E-43E7-B441-058419FDB587}"
EndProject
Project("{9A19103F-16F7-4668-BE54-9A1E7A4F7556}") = "Application", "Application\Application.csproj", "{906DD706-26B7-4823-B222-D979432B9AA2}"
EndProject
Project("{FAE04EC0-301F-11D3-BF4B-00C04F79EFBC}") = "Assignment.Api", "Assignment.Api\Assignment.Api.csproj", "{DD7CA207-5A1C-47D6-A5FC-7AAE7A1D0AD0}"
EndProject
Global
	GlobalSection(SolutionConfigurationPlatforms) = preSolution
		Debug|Any CPU = Debug|Any CPU
		Release|Any CPU = Release|Any CPU
	EndGlobalSection
	GlobalSection(ProjectConfigurationPlatforms) = postSolution
		{82FE660E-8BDB-48FD-9E9A-F09A650E16E2}.Debug|Any CPU.ActiveCfg = Debug|Any CPU
		{82FE660E-8BDB-48FD-9E9A-F09A650E16E2}.Debug|Any CPU.Build.0 = Debug|Any CPU
		{82FE660E-8BDB-48FD-9E9A-F09A650E16E2}.Release|Any CPU.ActiveCfg = Release|Any CPU
		{82FE660E-8BDB-48FD-9E9A-F09A650E16E2}.Release|Any CPU.Build.0 = Release|Any CPU
		{4D9AA10D-0B0E-43E7-B441-058419FDB587}.Debug|Any CPU.ActiveCfg = Debug|Any CPU
		{4D9AA10D-0B0E-43E7-B441-058419FDB587}.Debug|Any CPU.Build.0 = Debug|Any CPU
		{4D9AA10D-0B0E-43E7-B441-058419FDB587}.Release|Any CPU.ActiveCfg = Release|Any CPU
		{4D9AA10D-0B0E-43E7-B441-058419FDB587}.Release|Any CPU.Build.0 = Release|Any CPU
		{906DD706-26B7-4823-B222-D979432B9AA2}.Debug|Any CPU.ActiveCfg = Debug|Any CPU
		{906DD706-26B7-4823-B222-D979432B9AA2}.Debug|Any CPU.Build.0 = Debug|Any CPU
		{906DD706-26B7-4823-B222-D979432B9AA2}.Release|Any CPU.ActiveCfg = Release|Any CPU
		{906DD706-26B7-4823-B222-D979432B9AA2}.Release|Any CPU.Build.0 = Release|Any CPU
		{DD7CA207-5A1C-47D6-A5FC-7AAE7A1D0AD0}.Debug|Any CPU.ActiveCfg = Debug|Any CPU
		{DD7CA207-5A1C-47D6-A5FC-7AAE7A1D0AD0}.Debug|Any CPU.Build.0 = Debug|Any CPU
		{DD7CA207-5A1C-47D6-A5FC-7AAE7A1D0AD0}.Release|Any CPU.ActiveCfg = Release|Any CPU
		{DD7CA207-5A1C-47D6-A5FC-7AAE7A1D0AD0}.Release|Any CPU.Build.0 = Release|Any CPU
	EndGlobalSection
	GlobalSection(SolutionProperties) = preSolution
		HideSolutionNode = FALSE
	EndGlobalSection
	GlobalSection(ExtensibilityGlobals) = postSolution
		SolutionGuid = {8DD325E7-7710-4882-9BBF-38B1523FC870}
	EndGlobalSection
EndGlobal
