
Microsoft Visual Studio Solution File, Format Version 12.00
# Visual Studio Version 17
VisualStudioVersion = 17.9.34723.18
MinimumVisualStudioVersion = 10.0.40219.1
Project("{FAE04EC0-301F-11D3-BF4B-00C04F79EFBC}") = "Domain", "Domain\Domain.csproj", "{45D3378B-2F7D-4A8E-8541-B6924C16C5B0}"
EndProject
Project("{FAE04EC0-301F-11D3-BF4B-00C04F79EFBC}") = "Infrastructure", "Infrastructure\Infrastructure.csproj", "{18E1A9F7-F754-4D81-8D60-8167ADBA96D0}"
EndProject
Project("{FAE04EC0-301F-11D3-BF4B-00C04F79EFBC}") = "Presentation", "Presentation\Presentation.csproj", "{A33001F2-9093-4AC2-87FE-6985382209D7}"
EndProject
Global
	GlobalSection(SolutionConfigurationPlatforms) = preSolution
		Debug|Any CPU = Debug|Any CPU
		Release|Any CPU = Release|Any CPU
	EndGlobalSection
	GlobalSection(ProjectConfigurationPlatforms) = postSolution
		{45D3378B-2F7D-4A8E-8541-B6924C16C5B0}.Debug|Any CPU.ActiveCfg = Debug|Any CPU
		{45D3378B-2F7D-4A8E-8541-B6924C16C5B0}.Debug|Any CPU.Build.0 = Debug|Any CPU
		{45D3378B-2F7D-4A8E-8541-B6924C16C5B0}.Release|Any CPU.ActiveCfg = Release|Any CPU
		{45D3378B-2F7D-4A8E-8541-B6924C16C5B0}.Release|Any CPU.Build.0 = Release|Any CPU
		{18E1A9F7-F754-4D81-8D60-8167ADBA96D0}.Debug|Any CPU.ActiveCfg = Debug|Any CPU
		{18E1A9F7-F754-4D81-8D60-8167ADBA96D0}.Debug|Any CPU.Build.0 = Debug|Any CPU
		{18E1A9F7-F754-4D81-8D60-8167ADBA96D0}.Release|Any CPU.ActiveCfg = Release|Any CPU
		{18E1A9F7-F754-4D81-8D60-8167ADBA96D0}.Release|Any CPU.Build.0 = Release|Any CPU
		{A33001F2-9093-4AC2-87FE-6985382209D7}.Debug|Any CPU.ActiveCfg = Debug|Any CPU
		{A33001F2-9093-4AC2-87FE-6985382209D7}.Debug|Any CPU.Build.0 = Debug|Any CPU
		{A33001F2-9093-4AC2-87FE-6985382209D7}.Release|Any CPU.ActiveCfg = Release|Any CPU
		{A33001F2-9093-4AC2-87FE-6985382209D7}.Release|Any CPU.Build.0 = Release|Any CPU
	EndGlobalSection
	GlobalSection(SolutionProperties) = preSolution
		HideSolutionNode = FALSE
	EndGlobalSection
	GlobalSection(ExtensibilityGlobals) = postSolution
		SolutionGuid = {A5DEBA56-8289-440C-BCD4-CD6139853664}
	EndGlobalSection
EndGlobal
