Microsoft Visual Studio Solution File, Format Version 12.00
# Visual Studio Version 17
VisualStudioVersion = 17.9.34723.18
MinimumVisualStudioVersion = 10.0.40219.1
Project("{9A19103F-16F7-4668-BE54-9A1E7A4F7556}") = "Domain", "Domain\Domain.csproj", "{12119132-0919-4D1A-9DE3-9BBE594A68B5}"
EndProject
Project("{9A19103F-16F7-4668-BE54-9A1E7A4F7556}") = "Infrastructure", "Infrastructure\Infrastructure.csproj", "{C95EF3DE-ACDC-43D9-9BF7-AA123D1DB5F6}"
EndProject
Project("{9A19103F-16F7-4668-BE54-9A1E7A4F7556}") = "Application", "Application\Application.csproj", "{65A8B7F3-26BB-4B73-8E9D-AC3C247DA47C}"
EndProject
Global
	GlobalSection(SolutionConfigurationPlatforms) = preSolution
		Debug|Any CPU = Debug|Any CPU
		Release|Any CPU = Release|Any CPU
	EndGlobalSection
	GlobalSection(ProjectConfigurationPlatforms) = postSolution
		{12119132-0919-4D1A-9DE3-9BBE594A68B5}.Debug|Any CPU.ActiveCfg = Debug|Any CPU
		{12119132-0919-4D1A-9DE3-9BBE594A68B5}.Debug|Any CPU.Build.0 = Debug|Any CPU
		{12119132-0919-4D1A-9DE3-9BBE594A68B5}.Release|Any CPU.ActiveCfg = Release|Any CPU
		{12119132-0919-4D1A-9DE3-9BBE594A68B5}.Release|Any CPU.Build.0 = Release|Any CPU
		{C95EF3DE-ACDC-43D9-9BF7-AA123D1DB5F6}.Debug|Any CPU.ActiveCfg = Debug|Any CPU
		{C95EF3DE-ACDC-43D9-9BF7-AA123D1DB5F6}.Debug|Any CPU.Build.0 = Debug|Any CPU
		{C95EF3DE-ACDC-43D9-9BF7-AA123D1DB5F6}.Release|Any CPU.ActiveCfg = Release|Any CPU
		{C95EF3DE-ACDC-43D9-9BF7-AA123D1DB5F6}.Release|Any CPU.Build.0 = Release|Any CPU
		{65A8B7F3-26BB-4B73-8E9D-AC3C247DA47C}.Debug|Any CPU.ActiveCfg = Debug|Any CPU
		{65A8B7F3-26BB-4B73-8E9D-AC3C247DA47C}.Debug|Any CPU.Build.0 = Debug|Any CPU
		{65A8B7F3-26BB-4B73-8E9D-AC3C247DA47C}.Release|Any CPU.ActiveCfg = Release|Any CPU
		{65A8B7F3-26BB-4B73-8E9D-AC3C247DA47C}.Release|Any CPU.Build.0 = Release|Any CPU
	EndGlobalSection
	GlobalSection(SolutionProperties) = preSolution
		HideSolutionNode = FALSE
	EndGlobalSection
	GlobalSection(ExtensibilityGlobals) = postSolution
		SolutionGuid = {21A63934-2BBF-4682-8900-E74A9954B636}
	EndGlobalSection
EndGlobal
