
Microsoft Visual Studio Solution File, Format Version 12.00
# Visual Studio Version 17
VisualStudioVersion = 17.8.34316.72
MinimumVisualStudioVersion = 10.0.40219.1
Project("{FAE04EC0-301F-11D3-BF4B-00C04F79EFBC}") = "EntityFrameworkCoreIntroduction", "EntityFrameworkCoreIntroduction\EntityFrameworkCoreIntroduction.csproj", "{B095D0EE-0F14-4C0D-A9AA-2A8E29C0E921}"
EndProject
Global
	GlobalSection(SolutionConfigurationPlatforms) = preSolution
		Debug|Any CPU = Debug|Any CPU
		Release|Any CPU = Release|Any CPU
	EndGlobalSection
	GlobalSection(ProjectConfigurationPlatforms) = postSolution
		{B095D0EE-0F14-4C0D-A9AA-2A8E29C0E921}.Debug|Any CPU.ActiveCfg = Debug|Any CPU
		{B095D0EE-0F14-4C0D-A9AA-2A8E29C0E921}.Debug|Any CPU.Build.0 = Debug|Any CPU
		{B095D0EE-0F14-4C0D-A9AA-2A8E29C0E921}.Release|Any CPU.ActiveCfg = Release|Any CPU
		{B095D0EE-0F14-4C0D-A9AA-2A8E29C0E921}.Release|Any CPU.Build.0 = Release|Any CPU
	EndGlobalSection
	GlobalSection(SolutionProperties) = preSolution
		HideSolutionNode = FALSE
	EndGlobalSection
	GlobalSection(ExtensibilityGlobals) = postSolution
		SolutionGuid = {90390B2F-7D85-4718-B99C-01BEE749EF39}
	EndGlobalSection
EndGlobal
