
Microsoft Visual Studio Solution File, Format Version 12.00
# Visual Studio Version 17
VisualStudioVersion = 17.9.34723.18
MinimumVisualStudioVersion = 10.0.40219.1
Project("{9A19103F-16F7-4668-BE54-9A1E7A4F7556}") = "Application", "Application\Application.csproj", "{C840A45E-C7BD-4417-A096-985410F9A759}"
EndProject
Project("{9A19103F-16F7-4668-BE54-9A1E7A4F7556}") = "DictionaryApi", "DictionaryApi\DictionaryApi.csproj", "{A1F14E2C-4A8F-4048-97B1-A29B57095B76}"
EndProject
Project("{FAE04EC0-301F-11D3-BF4B-00C04F79EFBC}") = "Domain", "Domain\Domain.csproj", "{B26A9277-EEA9-4DE4-A187-C27580E506A0}"
EndProject
Global
	GlobalSection(SolutionConfigurationPlatforms) = preSolution
		Debug|Any CPU = Debug|Any CPU
		Release|Any CPU = Release|Any CPU
	EndGlobalSection
	GlobalSection(ProjectConfigurationPlatforms) = postSolution
		{C840A45E-C7BD-4417-A096-985410F9A759}.Debug|Any CPU.ActiveCfg = Debug|Any CPU
		{C840A45E-C7BD-4417-A096-985410F9A759}.Debug|Any CPU.Build.0 = Debug|Any CPU
		{C840A45E-C7BD-4417-A096-985410F9A759}.Release|Any CPU.ActiveCfg = Release|Any CPU
		{C840A45E-C7BD-4417-A096-985410F9A759}.Release|Any CPU.Build.0 = Release|Any CPU
		{A1F14E2C-4A8F-4048-97B1-A29B57095B76}.Debug|Any CPU.ActiveCfg = Debug|Any CPU
		{A1F14E2C-4A8F-4048-97B1-A29B57095B76}.Debug|Any CPU.Build.0 = Debug|Any CPU
		{A1F14E2C-4A8F-4048-97B1-A29B57095B76}.Release|Any CPU.ActiveCfg = Release|Any CPU
		{A1F14E2C-4A8F-4048-97B1-A29B57095B76}.Release|Any CPU.Build.0 = Release|Any CPU
		{B26A9277-EEA9-4DE4-A187-C27580E506A0}.Debug|Any CPU.ActiveCfg = Debug|Any CPU
		{B26A9277-EEA9-4DE4-A187-C27580E506A0}.Debug|Any CPU.Build.0 = Debug|Any CPU
		{B26A9277-EEA9-4DE4-A187-C27580E506A0}.Release|Any CPU.ActiveCfg = Release|Any CPU
		{B26A9277-EEA9-4DE4-A187-C27580E506A0}.Release|Any CPU.Build.0 = Release|Any CPU
	EndGlobalSection
	GlobalSection(SolutionProperties) = preSolution
		HideSolutionNode = FALSE
	EndGlobalSection
	GlobalSection(ExtensibilityGlobals) = postSolution
		SolutionGuid = {2DE77E77-4731-4936-B989-DF7CCB8D3E92}
	EndGlobalSection
EndGlobal
