
Microsoft Visual Studio Solution File, Format Version 12.00
# Visual Studio Version 17
VisualStudioVersion = 17.9.34723.18
MinimumVisualStudioVersion = 10.0.40219.1
Project("{FAE04EC0-301F-11D3-BF4B-00C04F79EFBC}") = "Domain", "Domain\Domain.csproj", "{95DF3A8A-D426-459C-8D27-14B286A2EE34}"
EndProject
Project("{FAE04EC0-301F-11D3-BF4B-00C04F79EFBC}") = "Infrastructure", "Infrastructure\Infrastructure.csproj", "{DF4B2BC7-4DF8-4457-9FE4-397A10745867}"
EndProject
Project("{FAE04EC0-301F-11D3-BF4B-00C04F79EFBC}") = "Presentation", "Presentation\Presentation.csproj", "{68735B66-29AA-499B-88B8-3C9189BB83AF}"
EndProject
Project("{FAE04EC0-301F-11D3-BF4B-00C04F79EFBC}") = "Application", "Application\Application.csproj", "{078FB7C3-4142-4D3C-82CC-D8F7259790B8}"
EndProject
Global
	GlobalSection(SolutionConfigurationPlatforms) = preSolution
		Debug|Any CPU = Debug|Any CPU
		Release|Any CPU = Release|Any CPU
	EndGlobalSection
	GlobalSection(ProjectConfigurationPlatforms) = postSolution
		{95DF3A8A-D426-459C-8D27-14B286A2EE34}.Debug|Any CPU.ActiveCfg = Debug|Any CPU
		{95DF3A8A-D426-459C-8D27-14B286A2EE34}.Debug|Any CPU.Build.0 = Debug|Any CPU
		{95DF3A8A-D426-459C-8D27-14B286A2EE34}.Release|Any CPU.ActiveCfg = Release|Any CPU
		{95DF3A8A-D426-459C-8D27-14B286A2EE34}.Release|Any CPU.Build.0 = Release|Any CPU
		{DF4B2BC7-4DF8-4457-9FE4-397A10745867}.Debug|Any CPU.ActiveCfg = Debug|Any CPU
		{DF4B2BC7-4DF8-4457-9FE4-397A10745867}.Debug|Any CPU.Build.0 = Debug|Any CPU
		{DF4B2BC7-4DF8-4457-9FE4-397A10745867}.Release|Any CPU.ActiveCfg = Release|Any CPU
		{DF4B2BC7-4DF8-4457-9FE4-397A10745867}.Release|Any CPU.Build.0 = Release|Any CPU
		{68735B66-29AA-499B-88B8-3C9189BB83AF}.Debug|Any CPU.ActiveCfg = Debug|Any CPU
		{68735B66-29AA-499B-88B8-3C9189BB83AF}.Debug|Any CPU.Build.0 = Debug|Any CPU
		{68735B66-29AA-499B-88B8-3C9189BB83AF}.Release|Any CPU.ActiveCfg = Release|Any CPU
		{68735B66-29AA-499B-88B8-3C9189BB83AF}.Release|Any CPU.Build.0 = Release|Any CPU
		{078FB7C3-4142-4D3C-82CC-D8F7259790B8}.Debug|Any CPU.ActiveCfg = Debug|Any CPU
		{078FB7C3-4142-4D3C-82CC-D8F7259790B8}.Debug|Any CPU.Build.0 = Debug|Any CPU
		{078FB7C3-4142-4D3C-82CC-D8F7259790B8}.Release|Any CPU.ActiveCfg = Release|Any CPU
		{078FB7C3-4142-4D3C-82CC-D8F7259790B8}.Release|Any CPU.Build.0 = Release|Any CPU
	EndGlobalSection
	GlobalSection(SolutionProperties) = preSolution
		HideSolutionNode = FALSE
	EndGlobalSection
	GlobalSection(ExtensibilityGlobals) = postSolution
		SolutionGuid = {55FCD3D7-79F8-468B-AE86-E9297F755E74}
	EndGlobalSection
EndGlobal
