
Microsoft Visual Studio Solution File, Format Version 12.00
# Visual Studio Version 17
VisualStudioVersion = 17.9.34723.18
MinimumVisualStudioVersion = 10.0.40219.1
Project("{9A19103F-16F7-4668-BE54-9A1E7A4F7556}") = "SalesWebApi", "SalesWebApi\SalesWebApi.csproj", "{79A0B085-8736-460E-A23F-A198C566EADB}"
EndProject
Project("{9A19103F-16F7-4668-BE54-9A1E7A4F7556}") = "Domain", "Domain\Domain.csproj", "{20354AF6-26C4-4616-9EB7-F8C770B68E58}"
EndProject
Project("{9A19103F-16F7-4668-BE54-9A1E7A4F7556}") = "Infrastructure", "Infrastructure\Infrastructure.csproj", "{B6A84A43-D537-44AB-8D3D-F9036E9A5BEE}"
EndProject
Project("{FAE04EC0-301F-11D3-BF4B-00C04F79EFBC}") = "Application", "Application\Application.csproj", "{989DBF22-9AB3-4F8B-8341-B992981F761A}"
EndProject
Global
	GlobalSection(SolutionConfigurationPlatforms) = preSolution
		Debug|Any CPU = Debug|Any CPU
		Release|Any CPU = Release|Any CPU
	EndGlobalSection
	GlobalSection(ProjectConfigurationPlatforms) = postSolution
		{79A0B085-8736-460E-A23F-A198C566EADB}.Debug|Any CPU.ActiveCfg = Debug|Any CPU
		{79A0B085-8736-460E-A23F-A198C566EADB}.Debug|Any CPU.Build.0 = Debug|Any CPU
		{79A0B085-8736-460E-A23F-A198C566EADB}.Release|Any CPU.ActiveCfg = Release|Any CPU
		{79A0B085-8736-460E-A23F-A198C566EADB}.Release|Any CPU.Build.0 = Release|Any CPU
		{20354AF6-26C4-4616-9EB7-F8C770B68E58}.Debug|Any CPU.ActiveCfg = Debug|Any CPU
		{20354AF6-26C4-4616-9EB7-F8C770B68E58}.Debug|Any CPU.Build.0 = Debug|Any CPU
		{20354AF6-26C4-4616-9EB7-F8C770B68E58}.Release|Any CPU.ActiveCfg = Release|Any CPU
		{20354AF6-26C4-4616-9EB7-F8C770B68E58}.Release|Any CPU.Build.0 = Release|Any CPU
		{B6A84A43-D537-44AB-8D3D-F9036E9A5BEE}.Debug|Any CPU.ActiveCfg = Debug|Any CPU
		{B6A84A43-D537-44AB-8D3D-F9036E9A5BEE}.Debug|Any CPU.Build.0 = Debug|Any CPU
		{B6A84A43-D537-44AB-8D3D-F9036E9A5BEE}.Release|Any CPU.ActiveCfg = Release|Any CPU
		{B6A84A43-D537-44AB-8D3D-F9036E9A5BEE}.Release|Any CPU.Build.0 = Release|Any CPU
		{989DBF22-9AB3-4F8B-8341-B992981F761A}.Debug|Any CPU.ActiveCfg = Debug|Any CPU
		{989DBF22-9AB3-4F8B-8341-B992981F761A}.Debug|Any CPU.Build.0 = Debug|Any CPU
		{989DBF22-9AB3-4F8B-8341-B992981F761A}.Release|Any CPU.ActiveCfg = Release|Any CPU
		{989DBF22-9AB3-4F8B-8341-B992981F761A}.Release|Any CPU.Build.0 = Release|Any CPU
	EndGlobalSection
	GlobalSection(SolutionProperties) = preSolution
		HideSolutionNode = FALSE
	EndGlobalSection
	GlobalSection(ExtensibilityGlobals) = postSolution
		SolutionGuid = {9A9FEF27-1052-4B70-92EB-6F422089BE93}
	EndGlobalSection
EndGlobal
